{
  "version": 4,
  "terraform_version": "1.4.0",
  "serial": 2779,
  "lineage": "7592a8d7-572b-041e-3f52-5f12c729300b",
  "outputs": {
    "jumpserverfloatingip": {
      "value": "192.41.122.50",
      "type": "string"
    },
    "private_key": {
      "value": "-----BEGIN RSA PRIVATE KEY-----\nMIIJJgIBAAKCAgEA2AxGKkcwdoHpp8u205SoVsDBI1cKxSbAsX1cfju7fCcTtgj+\ncGEtbqyvFnLN8xAEPtG2tVgxp7ilAwFGGHlodz2/eDxPd4BorFuVU0IDcsWhrss6\n29yxcJn6KpSk+54deqa703uXkARrtSoiwzE5Vb0vCQHi109e9uXxJhg6hUEcMuQg\nYS5B/mOERwCY7LwzHeoelOXV05dpgOrqrt95B0hljk6UugLyglvVx8vCGOXFE9WW\nx98xdYfDBF914THwIDKSD/K70DlRq1XESv2kRRJFE135RocgFEzCGrvWCfV32dhB\nt8NAEl88TobtLIzKT/Q3I8S3vtYvrRsLCD4GXaCO3lGLIJSkm43pxvsqW1t/P068\nN/0I8wTWpN4vWqqCn5ovsefdq4lY8AamvpxGzak2o1GzuORAjqIU9UOA0IKPkvK8\n+NI3AYg8QHFfTm2oRgP/m8hVAZUUmqJwTG0OlF6NhzKkIDfFw7u6LWvQjEq5th3d\niq9bvXl8D9q12oEuSFUDES8YfRFzETgEp+VQIb9jZsenQSfJr+VafJxi4+IEsiuK\nMGEJyDzK0MeHP8RJ4zhE3/XHsLVupROa5uFrzO+sTr5oIe2bdDZ0AJaqy77lzuX3\neDRXby5omMBHBOOGb8ycfhec09biyBfC0XbRfeTWLKEuL2ppXlqsm9kbhwkCAwEA\nAQKCAf8A2AtuHtkRnXBMN39/VBVUQWx/ttdT7dLS3qp9073nvj9VdrOHvNlwlTwZ\n2ljzmhxqImeUTcPj49TBLkAX2GGQFa2pypKE5PuDsNfke12IFT2McT7JnRMUXYWc\npPgAA54Z3IzfRpxQ87N4AbIhERAoRZTpdBhuvuCgFkXa4D1aR+bUTA/UUVnwpHLf\n1CDEy/dnJoL4Ee3D5dODrWc9R6IxZRcAd04da+WGnNU48pLPhhY+/ZaZMUYAL4eT\nfMv5FTja51equEgDiDXJdYxOvq7lliyu5q8Sl3SIn8QiVpl/cHYHY9Dd5uVZLQYP\nSHektOgVZ97PRPVyyWNmSbTBU3yy3xdUgIL8cNrmtfzRY9UYcJXfOMvo8c8LsQRe\nbMAwFY82GEVhOu0DzjRMguzpTroSAoHVDM9G7eMXth84Zj9d74O+ZKphfWffKHL5\n2/hUVWUX+t2wP38LdBnZ6jlBA9HxIj4yk9pdF8/w8boqwBu1n5JUD80CnigzVJlm\nMatBmxhjOBiBMjh+RirgJt7AMCrunvrI3pB2sb0OvBGptnoJT0L1kgUo5INJn2ei\nbatqGO/+1xD1dIlg6LcVpYimZn0AIc7SSfcPLSZbTZxvsJzbunKuQ0I4VotiWkZt\nvBAsMgpbACP5mRPxC49UyJZx5z8zz/0yauCU6TPVrtgEe/IBAoIBAQDr6rn2J0an\n3n4azDiJWQx02ZsyvBktxHJYB6dtI6y2yGtGfZLct7Vax4uMPMH3UU1oILrmaWxU\n9JbJ8Vx2TlU415U0eu76ZYwnvGHiMB0ib0Kl941T3KqdNltiFrgbe9rclUmQWJlC\nJTE3O9C/9BSEJiGRrvafQ4oMP9xl8QrUe73IqqqPxXHr4JpsF2prb3CUj3RG7B4p\nXFBP5Jm8j9qOhBu1GFZ9Gazo0YMqdxLLrHv+C+sW+kyTaimb4+4F0Kn27men/gNO\n7EL9RYNHZC1BqrhyNx5K7D9YW4SogRq+Ih80kBgFw4fUuV0hR0bSbQkE6GOluO5q\n1vUpj6auv3hBAoIBAQDqcIyD5uYVboyPli3LVQk4VdVw3mEXRwCcv4xSbtg0bozY\nOJ685zr2dq1A/cEBlMOtPlnG9o9lRl6hNRNVbkxoChVVe+IOdOUOXY+c/uORy6No\nXPFFLWPSkDstLlc+ncVSo2uVWpTIl9DZYeJlZrx+n/JrHCjlRraggWhjUYlStDoQ\nnxvloox8bCUNBi6OwedBbBknZeDKrOZ1EBq8E0AHO8F7tvA3wfiit3hPOGiehaAq\nbG9f9/IKBh7Zawm4NIQpyc5NEPppJr1BcTBCukcu0mCDRMElskotRRGZ3afu10YZ\nEqkETyyByRMLQQzzSWWu62DodXc204aDaaEz3xzJAoIBAB7U9WrDJUvJGyf7aqQg\nnC0lR1AxHwVJODxi+7GayPa2aLa0sJ3h8HSlwYoZYqwk1v310RdNzdeog5Bu18uq\nXx7npdtO+a6F2PRUfWJnMVePvOEd4j2EiFO1h+ng2DzXSfosFIol2hm37J+wVI7R\nomDG7vowKJEV7ZO+QNqdzvGIHnx8OYBCqKnQF75qrQDPdqIjwWmHcEWth915HdJz\n5ndbspdPT/ZXha6DuyWwnCc8KpRAEIBXQ+y8IiX6euANrjjUXX2qB9qnq/WXwRly\ncSu02RgsNexKxdiRVVwES29v3C4tasZOEJFvjElOHGZh05ztliBRc+9Imo/M81bB\nNUECggEAXDAz4S5r7aOSHGh2y4092exOyVp5HXkrMXhVSpkR5dRPCDuDmE7pLb/P\nM05VljSUmcx56zZLfwyj64p+dsqvuv20E/BqHTs0U2jRL3A/trY4JLLfoU9PAJ78\n1jBx2EqcLHnctVdwSE0CsGjAaRV0K+rjneDt5/Ldn9IjZWLLuDzs1Fps0ukPi2HP\nVAbJShPPxzcl0QtL0QcafI//o1OCixWhaO+wGIzrI7k30xcgdK2hJO2NAlTy1aRA\nf0iLAueLzQ7xU/bIMY8tPs2up56unSfXEed4eEVay+BsInA6OD5o7zUaR3qGyuZx\n2awT1ptXI+ilK+P9JA8bxxNDc61ZmQKCAQAb/iQGBPrQY46VIe2558nWDMjw1irU\nJ3fiMWvX8XXbUR4xrxCwUS8dCoDsw3u71oP29im4X7xtHsvE1BNrxYvtUf7Rcgfe\nFAbtfe7r+uyOr/7KIYrZ6uqvkcXQnuLhZm36Csk5eJYhK/3qZtzpXsQjzPiiH4/U\n9R66JVsNB9fJKOzC8f6aLWl2PpI8n8qELvCp+c2GOzEJmrblxmYIWab55B2Ts1nT\nsCrAzxNqkW5Z/giPz1n9x0QwyLJH7kl/bVo6LV1NKQYkT5b/nRO+bDnVIfP2N08v\nIGw9cZWH6zcE1cbXvYets0iXmGYP7dwB9TYsxhkvvxNJk+4p/oaQ8eRe\n-----END RSA PRIVATE KEY-----\n",
      "type": "string",
      "sensitive": true
    }
  },
  "resources": [
    {
      "mode": "data",
      "type": "openstack_compute_flavor_v2",
      "name": "adm",
      "provider": "provider[\"registry.terraform.io/terraform-provider-openstack/openstack\"]",
      "instances": [
        {
          "schema_version": 0,
          "attributes": {
            "disk": 0,
            "extra_specs": {},
            "flavor_id": "230c03c3-27a8-4820-8bee-11ed8752a2a9",
            "id": "230c03c3-27a8-4820-8bee-11ed8752a2a9",
            "is_public": true,
            "min_disk": null,
            "min_ram": null,
            "name": "large",
            "ram": 32768,
            "region": null,
            "rx_tx_factor": 1,
            "swap": 0,
            "vcpus": 8
          },
          "sensitive_attributes": []
        }
      ]
    },
    {
      "mode": "data",
      "type": "openstack_compute_flavor_v2",
      "name": "mon-flavor",
      "provider": "provider[\"registry.terraform.io/terraform-provider-openstack/openstack\"]",
      "instances": [
        {
          "schema_version": 0,
          "attributes": {
            "disk": 0,
            "extra_specs": {},
            "flavor_id": "3ebb0f6a-1e26-4423-b24c-fa3fa62997d0",
            "id": "3ebb0f6a-1e26-4423-b24c-fa3fa62997d0",
            "is_public": true,
            "min_disk": null,
            "min_ram": null,
            "name": "medium",
            "ram": 16384,
            "region": null,
            "rx_tx_factor": 1,
            "swap": 0,
            "vcpus": 4
          },
          "sensitive_attributes": []
        }
      ]
    },
    {
      "mode": "data",
      "type": "openstack_images_image_v2",
      "name": "image",
      "provider": "provider[\"registry.terraform.io/terraform-provider-openstack/openstack\"]",
      "instances": [
        {
          "schema_version": 0,
          "attributes": {
            "checksum": "b69cbf0ceab5f7ef7d900c377552f366",
            "container_format": "bare",
            "created_at": "2022-06-29T08:17:01Z",
            "disk_format": "raw",
            "file": "/v2/images/fd2ce475-5d1a-45f3-bd49-603332c748c6/file",
            "hidden": false,
            "id": "fd2ce475-5d1a-45f3-bd49-603332c748c6",
            "member_status": null,
            "metadata": {},
            "min_disk_gb": 0,
            "min_ram_mb": 0,
            "most_recent": true,
            "name": "ubuntu-jammy",
            "owner": "ff3e2de6a0b844d581bcd4335c18d2a4",
            "properties": {
              "direct_url": "rbd://84c543e0-58d2-11ec-be7d-f40343cb8bc0/images/fd2ce475-5d1a-45f3-bd49-603332c748c6/snap",
              "os_hash_algo": "sha512",
              "os_hash_value": "b980a9139609b08b521ab6f79be7e5cb8e036701d4d0489ba68d19d65664a0c69a6387bfffcc0f2bc1808944004f7fb74151722b1788b2be63910316d07b6015",
              "owner_specified.openstack.md5": "",
              "owner_specified.openstack.object": "images/ubuntu-jammy",
              "owner_specified.openstack.sha256": "",
              "stores": "rbd"
            },
            "protected": false,
            "region": "RegionOne",
            "schema": "/v2/schemas/image",
            "size_bytes": 2361393152,
            "size_max": null,
            "size_min": null,
            "sort_direction": "asc",
            "sort_key": "name",
            "tag": null,
            "tags": [],
            "updated_at": "2022-06-29T08:17:42Z",
            "visibility": "public"
          },
          "sensitive_attributes": []
        }
      ]
    },
    {
      "mode": "managed",
      "type": "null_resource",
      "name": "ceph_setup",
      "provider": "provider[\"registry.terraform.io/hashicorp/null\"]",
      "instances": []
    },
    {
      "mode": "managed",
      "type": "null_resource",
      "name": "ceph_test",
      "provider": "provider[\"registry.terraform.io/hashicorp/null\"]",
      "instances": []
    },
    {
      "mode": "managed",
      "type": "null_resource",
      "name": "copy_ceph_keys",
      "provider": "provider[\"registry.terraform.io/hashicorp/null\"]",
      "instances": []
    },
    {
      "mode": "managed",
      "type": "null_resource",
      "name": "setup_mon_keys",
      "provider": "provider[\"registry.terraform.io/hashicorp/null\"]",
      "instances": []
    },
    {
      "mode": "managed",
      "type": "null_resource",
      "name": "wait_for_instances",
      "provider": "provider[\"registry.terraform.io/hashicorp/null\"]",
      "instances": [
        {
          "status": "tainted",
          "schema_version": 0,
          "attributes": {
            "id": "3653275281213397557",
            "triggers": null
          },
          "sensitive_attributes": [],
          "dependencies": [
            "data.openstack_compute_flavor_v2.adm",
            "data.openstack_compute_flavor_v2.mon-flavor",
            "data.openstack_images_image_v2.image",
            "openstack_blockstorage_volume_v3.mon-vol",
            "openstack_compute_instance_v2.adm",
            "openstack_compute_instance_v2.mon",
            "openstack_compute_volume_attach_v2.mon_vol_attach",
            "tls_private_key.p_key"
          ]
        }
      ]
    },
    {
      "mode": "managed",
      "type": "openstack_blockstorage_volume_v3",
      "name": "adm_vol",
      "provider": "provider[\"registry.terraform.io/terraform-provider-openstack/openstack\"]",
      "instances": [
        {
          "schema_version": 0,
          "attributes": {
            "attachment": [],
            "availability_zone": "nova",
            "consistency_group_id": null,
            "description": "Volume for adm instance",
            "enable_online_resize": null,
            "id": "016f893f-dae8-418b-a3dc-a4883015dda2",
            "image_id": null,
            "metadata": {},
            "multiattach": null,
            "name": "adm_vol",
            "region": "RegionOne",
            "scheduler_hints": [],
            "size": 100,
            "snapshot_id": "",
            "source_replica": null,
            "source_vol_id": "",
            "timeouts": null,
            "volume_type": "ceph-hdd"
          },
          "sensitive_attributes": [],
          "private": "eyJlMmJmYjczMC1lY2FhLTExZTYtOGY4OC0zNDM2M2JjN2M0YzAiOnsiY3JlYXRlIjo2MDAwMDAwMDAwMDAsImRlbGV0ZSI6NjAwMDAwMDAwMDAwfX0="
        }
      ]
    },
    {
      "mode": "managed",
      "type": "openstack_blockstorage_volume_v3",
      "name": "mon-vol",
      "provider": "provider[\"registry.terraform.io/terraform-provider-openstack/openstack\"]",
      "instances": [
        {
          "index_key": 0,
          "schema_version": 0,
          "attributes": {
            "attachment": [],
            "availability_zone": "nova",
            "consistency_group_id": null,
            "description": "",
            "enable_online_resize": null,
            "id": "88250129-d11f-40f5-b0de-a0d3cd96b344",
            "image_id": null,
            "metadata": {},
            "multiattach": null,
            "name": "mon-vol1",
            "region": "RegionOne",
            "scheduler_hints": [],
            "size": 100,
            "snapshot_id": "",
            "source_replica": null,
            "source_vol_id": "",
            "timeouts": null,
            "volume_type": "ceph-ssd"
          },
          "sensitive_attributes": [],
          "private": "eyJlMmJmYjczMC1lY2FhLTExZTYtOGY4OC0zNDM2M2JjN2M0YzAiOnsiY3JlYXRlIjo2MDAwMDAwMDAwMDAsImRlbGV0ZSI6NjAwMDAwMDAwMDAwfX0="
        },
        {
          "index_key": 1,
          "schema_version": 0,
          "attributes": {
            "attachment": [],
            "availability_zone": "nova",
            "consistency_group_id": null,
            "description": "",
            "enable_online_resize": null,
            "id": "ce95610d-85df-4544-8a82-065100daeecf",
            "image_id": null,
            "metadata": {},
            "multiattach": null,
            "name": "mon-vol2",
            "region": "RegionOne",
            "scheduler_hints": [],
            "size": 100,
            "snapshot_id": "",
            "source_replica": null,
            "source_vol_id": "",
            "timeouts": null,
            "volume_type": "ceph-ssd"
          },
          "sensitive_attributes": [],
          "private": "eyJlMmJmYjczMC1lY2FhLTExZTYtOGY4OC0zNDM2M2JjN2M0YzAiOnsiY3JlYXRlIjo2MDAwMDAwMDAwMDAsImRlbGV0ZSI6NjAwMDAwMDAwMDAwfX0="
        },
        {
          "index_key": 2,
          "schema_version": 0,
          "attributes": {
            "attachment": [],
            "availability_zone": "nova",
            "consistency_group_id": null,
            "description": "",
            "enable_online_resize": null,
            "id": "0616b3a2-ea92-4885-9562-a9512cb5b920",
            "image_id": null,
            "metadata": {},
            "multiattach": null,
            "name": "mon-vol3",
            "region": "RegionOne",
            "scheduler_hints": [],
            "size": 100,
            "snapshot_id": "",
            "source_replica": null,
            "source_vol_id": "",
            "timeouts": null,
            "volume_type": "ceph-ssd"
          },
          "sensitive_attributes": [],
          "private": "eyJlMmJmYjczMC1lY2FhLTExZTYtOGY4OC0zNDM2M2JjN2M0YzAiOnsiY3JlYXRlIjo2MDAwMDAwMDAwMDAsImRlbGV0ZSI6NjAwMDAwMDAwMDAwfX0="
        }
      ]
    },
    {
      "mode": "managed",
      "type": "openstack_compute_floatingip_associate_v2",
      "name": "jump",
      "provider": "provider[\"registry.terraform.io/terraform-provider-openstack/openstack\"]",
      "instances": [
        {
          "schema_version": 0,
          "attributes": {
            "fixed_ip": "",
            "floating_ip": "192.41.122.50",
            "id": "192.41.122.50/3174981e-13ea-4d31-a547-5fcaadfd298f/",
            "instance_id": "3174981e-13ea-4d31-a547-5fcaadfd298f",
            "region": "RegionOne",
            "timeouts": null,
            "wait_until_associated": null
          },
          "sensitive_attributes": [],
          "private": "eyJlMmJmYjczMC1lY2FhLTExZTYtOGY4OC0zNDM2M2JjN2M0YzAiOnsiY3JlYXRlIjo2MDAwMDAwMDAwMDB9fQ==",
          "dependencies": [
            "data.openstack_compute_flavor_v2.adm",
            "data.openstack_images_image_v2.image",
            "openstack_compute_instance_v2.adm",
            "openstack_networking_floatingip_v2.adm",
            "tls_private_key.p_key"
          ]
        }
      ]
    },
    {
      "mode": "managed",
      "type": "openstack_compute_instance_v2",
      "name": "adm",
      "provider": "provider[\"registry.terraform.io/terraform-provider-openstack/openstack\"]",
      "instances": [
        {
          "schema_version": 0,
          "attributes": {
            "access_ip_v4": "10.65.0.194",
            "access_ip_v6": "",
            "admin_pass": null,
            "all_metadata": {},
            "all_tags": [],
            "availability_zone": "nova",
            "availability_zone_hints": "nova",
            "block_device": [
              {
                "boot_index": 0,
                "delete_on_termination": true,
                "destination_type": "volume",
                "device_type": "",
                "disk_bus": "",
                "guest_format": "",
                "source_type": "image",
                "uuid": "fd2ce475-5d1a-45f3-bd49-603332c748c6",
                "volume_size": 100,
                "volume_type": ""
              }
            ],
            "config_drive": null,
            "flavor_id": "230c03c3-27a8-4820-8bee-11ed8752a2a9",
            "flavor_name": "large",
            "floating_ip": null,
            "force_delete": false,
            "id": "3174981e-13ea-4d31-a547-5fcaadfd298f",
            "image_id": "Attempt to boot from volume - no image supplied",
            "image_name": null,
            "key_pair": "dp",
            "metadata": null,
            "name": "adm",
            "network": [
              {
                "access_network": false,
                "fixed_ip_v4": "10.65.0.194",
                "fixed_ip_v6": "",
                "floating_ip": "",
                "mac": "fa:16:3e:e1:8c:34",
                "name": "test",
                "port": "",
                "uuid": "31d00f46-e1cb-41a8-a935-52f33be309ce"
              }
            ],
            "network_mode": null,
            "personality": [],
            "power_state": "active",
            "region": "RegionOne",
            "scheduler_hints": [],
            "security_groups": [
              "default"
            ],
            "stop_before_destroy": false,
            "tags": null,
            "timeouts": null,
            "user_data": "247db00e36def918e9bfb75db6fed0f09211c802",
            "vendor_options": [],
            "volume": []
          },
          "sensitive_attributes": [],
          "private": "eyJlMmJmYjczMC1lY2FhLTExZTYtOGY4OC0zNDM2M2JjN2M0YzAiOnsiY3JlYXRlIjoxODAwMDAwMDAwMDAwLCJkZWxldGUiOjE4MDAwMDAwMDAwMDAsInVwZGF0ZSI6MTgwMDAwMDAwMDAwMH19",
          "dependencies": [
            "data.openstack_compute_flavor_v2.adm",
            "data.openstack_images_image_v2.image",
            "tls_private_key.p_key"
          ]
        }
      ]
    },
    {
      "mode": "managed",
      "type": "openstack_compute_instance_v2",
      "name": "mon",
      "provider": "provider[\"registry.terraform.io/terraform-provider-openstack/openstack\"]",
      "instances": [
        {
          "index_key": 0,
          "schema_version": 0,
          "attributes": {
            "access_ip_v4": "10.65.0.136",
            "access_ip_v6": "",
            "admin_pass": null,
            "all_metadata": {},
            "all_tags": [],
            "availability_zone": "nova",
            "availability_zone_hints": "nova",
            "block_device": [
              {
                "boot_index": 0,
                "delete_on_termination": true,
                "destination_type": "volume",
                "device_type": "",
                "disk_bus": "",
                "guest_format": "",
                "source_type": "image",
                "uuid": "fd2ce475-5d1a-45f3-bd49-603332c748c6",
                "volume_size": 100,
                "volume_type": ""
              }
            ],
            "config_drive": null,
            "flavor_id": "3ebb0f6a-1e26-4423-b24c-fa3fa62997d0",
            "flavor_name": "medium",
            "floating_ip": null,
            "force_delete": false,
            "id": "86714c74-9703-4cd0-be5f-241010a1eb6b",
            "image_id": "Attempt to boot from volume - no image supplied",
            "image_name": null,
            "key_pair": "dp",
            "metadata": null,
            "name": "mon1",
            "network": [
              {
                "access_network": false,
                "fixed_ip_v4": "10.65.0.136",
                "fixed_ip_v6": "",
                "floating_ip": "",
                "mac": "fa:16:3e:bf:b5:f9",
                "name": "test",
                "port": "",
                "uuid": "31d00f46-e1cb-41a8-a935-52f33be309ce"
              }
            ],
            "network_mode": null,
            "personality": [],
            "power_state": "active",
            "region": "RegionOne",
            "scheduler_hints": [],
            "security_groups": [
              "default"
            ],
            "stop_before_destroy": false,
            "tags": null,
            "timeouts": {
              "create": "30m",
              "delete": null,
              "update": null
            },
            "user_data": "40b253a22a0be5e5b3cfd43260cb69ea4039dc93",
            "vendor_options": [],
            "volume": []
          },
          "sensitive_attributes": [],
          "private": "eyJlMmJmYjczMC1lY2FhLTExZTYtOGY4OC0zNDM2M2JjN2M0YzAiOnsiY3JlYXRlIjoxODAwMDAwMDAwMDAwLCJkZWxldGUiOjE4MDAwMDAwMDAwMDAsInVwZGF0ZSI6MTgwMDAwMDAwMDAwMH19",
          "dependencies": [
            "data.openstack_compute_flavor_v2.mon-flavor",
            "data.openstack_images_image_v2.image",
            "tls_private_key.p_key"
          ]
        },
        {
          "index_key": 1,
          "schema_version": 0,
          "attributes": {
            "access_ip_v4": "10.65.0.89",
            "access_ip_v6": "",
            "admin_pass": null,
            "all_metadata": {},
            "all_tags": [],
            "availability_zone": "nova",
            "availability_zone_hints": "nova",
            "block_device": [
              {
                "boot_index": 0,
                "delete_on_termination": true,
                "destination_type": "volume",
                "device_type": "",
                "disk_bus": "",
                "guest_format": "",
                "source_type": "image",
                "uuid": "fd2ce475-5d1a-45f3-bd49-603332c748c6",
                "volume_size": 100,
                "volume_type": ""
              }
            ],
            "config_drive": null,
            "flavor_id": "3ebb0f6a-1e26-4423-b24c-fa3fa62997d0",
            "flavor_name": "medium",
            "floating_ip": null,
            "force_delete": false,
            "id": "264cc59b-f4c0-4f1c-9fc2-81f6fd32d3f1",
            "image_id": "Attempt to boot from volume - no image supplied",
            "image_name": null,
            "key_pair": "dp",
            "metadata": null,
            "name": "mon2",
            "network": [
              {
                "access_network": false,
                "fixed_ip_v4": "10.65.0.89",
                "fixed_ip_v6": "",
                "floating_ip": "",
                "mac": "fa:16:3e:bc:07:b4",
                "name": "test",
                "port": "",
                "uuid": "31d00f46-e1cb-41a8-a935-52f33be309ce"
              }
            ],
            "network_mode": null,
            "personality": [],
            "power_state": "active",
            "region": "RegionOne",
            "scheduler_hints": [],
            "security_groups": [
              "default"
            ],
            "stop_before_destroy": false,
            "tags": null,
            "timeouts": {
              "create": "30m",
              "delete": null,
              "update": null
            },
            "user_data": "40b253a22a0be5e5b3cfd43260cb69ea4039dc93",
            "vendor_options": [],
            "volume": []
          },
          "sensitive_attributes": [],
          "private": "eyJlMmJmYjczMC1lY2FhLTExZTYtOGY4OC0zNDM2M2JjN2M0YzAiOnsiY3JlYXRlIjoxODAwMDAwMDAwMDAwLCJkZWxldGUiOjE4MDAwMDAwMDAwMDAsInVwZGF0ZSI6MTgwMDAwMDAwMDAwMH19",
          "dependencies": [
            "data.openstack_compute_flavor_v2.mon-flavor",
            "data.openstack_images_image_v2.image",
            "tls_private_key.p_key"
          ]
        },
        {
          "index_key": 2,
          "schema_version": 0,
          "attributes": {
            "access_ip_v4": "10.65.0.49",
            "access_ip_v6": "",
            "admin_pass": null,
            "all_metadata": {},
            "all_tags": [],
            "availability_zone": "nova",
            "availability_zone_hints": "nova",
            "block_device": [
              {
                "boot_index": 0,
                "delete_on_termination": true,
                "destination_type": "volume",
                "device_type": "",
                "disk_bus": "",
                "guest_format": "",
                "source_type": "image",
                "uuid": "fd2ce475-5d1a-45f3-bd49-603332c748c6",
                "volume_size": 100,
                "volume_type": ""
              }
            ],
            "config_drive": null,
            "flavor_id": "3ebb0f6a-1e26-4423-b24c-fa3fa62997d0",
            "flavor_name": "medium",
            "floating_ip": null,
            "force_delete": false,
            "id": "6c2617d8-77cf-4cc2-a340-fd3c9a05d48e",
            "image_id": "Attempt to boot from volume - no image supplied",
            "image_name": null,
            "key_pair": "dp",
            "metadata": null,
            "name": "mon3",
            "network": [
              {
                "access_network": false,
                "fixed_ip_v4": "10.65.0.49",
                "fixed_ip_v6": "",
                "floating_ip": "",
                "mac": "fa:16:3e:4f:d2:06",
                "name": "test",
                "port": "",
                "uuid": "31d00f46-e1cb-41a8-a935-52f33be309ce"
              }
            ],
            "network_mode": null,
            "personality": [],
            "power_state": "active",
            "region": "RegionOne",
            "scheduler_hints": [],
            "security_groups": [
              "default"
            ],
            "stop_before_destroy": false,
            "tags": null,
            "timeouts": {
              "create": "30m",
              "delete": null,
              "update": null
            },
            "user_data": "40b253a22a0be5e5b3cfd43260cb69ea4039dc93",
            "vendor_options": [],
            "volume": []
          },
          "sensitive_attributes": [],
          "private": "eyJlMmJmYjczMC1lY2FhLTExZTYtOGY4OC0zNDM2M2JjN2M0YzAiOnsiY3JlYXRlIjoxODAwMDAwMDAwMDAwLCJkZWxldGUiOjE4MDAwMDAwMDAwMDAsInVwZGF0ZSI6MTgwMDAwMDAwMDAwMH19",
          "dependencies": [
            "data.openstack_compute_flavor_v2.mon-flavor",
            "data.openstack_images_image_v2.image",
            "tls_private_key.p_key"
          ]
        }
      ]
    },
    {
      "mode": "managed",
      "type": "openstack_compute_volume_attach_v2",
      "name": "mon_vol_attach",
      "provider": "provider[\"registry.terraform.io/terraform-provider-openstack/openstack\"]",
      "instances": [
        {
          "index_key": 0,
          "schema_version": 0,
          "attributes": {
            "device": "/dev/vdb",
            "id": "86714c74-9703-4cd0-be5f-241010a1eb6b/88250129-d11f-40f5-b0de-a0d3cd96b344",
            "instance_id": "86714c74-9703-4cd0-be5f-241010a1eb6b",
            "multiattach": null,
            "region": "RegionOne",
            "timeouts": null,
            "vendor_options": [],
            "volume_id": "88250129-d11f-40f5-b0de-a0d3cd96b344"
          },
          "sensitive_attributes": [],
          "private": "eyJlMmJmYjczMC1lY2FhLTExZTYtOGY4OC0zNDM2M2JjN2M0YzAiOnsiY3JlYXRlIjo2MDAwMDAwMDAwMDAsImRlbGV0ZSI6NjAwMDAwMDAwMDAwfX0=",
          "dependencies": [
            "data.openstack_compute_flavor_v2.mon-flavor",
            "data.openstack_images_image_v2.image",
            "openstack_blockstorage_volume_v3.mon-vol",
            "openstack_compute_instance_v2.mon",
            "tls_private_key.p_key"
          ]
        },
        {
          "index_key": 1,
          "schema_version": 0,
          "attributes": {
            "device": "/dev/vdb",
            "id": "264cc59b-f4c0-4f1c-9fc2-81f6fd32d3f1/ce95610d-85df-4544-8a82-065100daeecf",
            "instance_id": "264cc59b-f4c0-4f1c-9fc2-81f6fd32d3f1",
            "multiattach": null,
            "region": "RegionOne",
            "timeouts": null,
            "vendor_options": [],
            "volume_id": "ce95610d-85df-4544-8a82-065100daeecf"
          },
          "sensitive_attributes": [],
          "private": "eyJlMmJmYjczMC1lY2FhLTExZTYtOGY4OC0zNDM2M2JjN2M0YzAiOnsiY3JlYXRlIjo2MDAwMDAwMDAwMDAsImRlbGV0ZSI6NjAwMDAwMDAwMDAwfX0=",
          "dependencies": [
            "data.openstack_compute_flavor_v2.mon-flavor",
            "data.openstack_images_image_v2.image",
            "openstack_blockstorage_volume_v3.mon-vol",
            "openstack_compute_instance_v2.mon",
            "tls_private_key.p_key"
          ]
        },
        {
          "index_key": 2,
          "schema_version": 0,
          "attributes": {
            "device": "/dev/vdb",
            "id": "6c2617d8-77cf-4cc2-a340-fd3c9a05d48e/0616b3a2-ea92-4885-9562-a9512cb5b920",
            "instance_id": "6c2617d8-77cf-4cc2-a340-fd3c9a05d48e",
            "multiattach": null,
            "region": "RegionOne",
            "timeouts": null,
            "vendor_options": [],
            "volume_id": "0616b3a2-ea92-4885-9562-a9512cb5b920"
          },
          "sensitive_attributes": [],
          "private": "eyJlMmJmYjczMC1lY2FhLTExZTYtOGY4OC0zNDM2M2JjN2M0YzAiOnsiY3JlYXRlIjo2MDAwMDAwMDAwMDAsImRlbGV0ZSI6NjAwMDAwMDAwMDAwfX0=",
          "dependencies": [
            "data.openstack_compute_flavor_v2.mon-flavor",
            "data.openstack_images_image_v2.image",
            "openstack_blockstorage_volume_v3.mon-vol",
            "openstack_compute_instance_v2.mon",
            "tls_private_key.p_key"
          ]
        }
      ]
    },
    {
      "mode": "managed",
      "type": "openstack_networking_floatingip_v2",
      "name": "adm",
      "provider": "provider[\"registry.terraform.io/terraform-provider-openstack/openstack\"]",
      "instances": [
        {
          "schema_version": 0,
          "attributes": {
            "address": "192.41.122.50",
            "all_tags": [],
            "description": "",
            "dns_domain": "",
            "dns_name": "",
            "fixed_ip": "",
            "id": "920c06ba-5202-4f62-83aa-e2d8a3491774",
            "pool": "external",
            "port_id": "",
            "region": "RegionOne",
            "subnet_id": null,
            "subnet_ids": null,
            "tags": null,
            "tenant_id": "af29bdf3eb4d4467a855f54a0441d9ab",
            "timeouts": null,
            "value_specs": null
          },
          "sensitive_attributes": [],
          "private": "eyJlMmJmYjczMC1lY2FhLTExZTYtOGY4OC0zNDM2M2JjN2M0YzAiOnsiY3JlYXRlIjo2MDAwMDAwMDAwMDAsImRlbGV0ZSI6NjAwMDAwMDAwMDAwfX0="
        }
      ]
    },
    {
      "mode": "managed",
      "type": "tls_private_key",
      "name": "p_key",
      "provider": "provider[\"registry.terraform.io/hashicorp/tls\"]",
      "instances": [
        {
          "schema_version": 1,
          "attributes": {
            "algorithm": "RSA",
            "ecdsa_curve": "P224",
            "id": "1829980c41e17ea7d5af82972178e216a51ed604",
            "private_key_openssh": "-----BEGIN OPENSSH PRIVATE KEY-----\nb3BlbnNzaC1rZXktdjEAAAAABG5vbmUAAAAEbm9uZQAAAAAAAAABAAACFwAAAAdz\nc2gtcnNhAAAAAwEAAQAAAgEA2AxGKkcwdoHpp8u205SoVsDBI1cKxSbAsX1cfju7\nfCcTtgj+cGEtbqyvFnLN8xAEPtG2tVgxp7ilAwFGGHlodz2/eDxPd4BorFuVU0ID\ncsWhrss629yxcJn6KpSk+54deqa703uXkARrtSoiwzE5Vb0vCQHi109e9uXxJhg6\nhUEcMuQgYS5B/mOERwCY7LwzHeoelOXV05dpgOrqrt95B0hljk6UugLyglvVx8vC\nGOXFE9WWx98xdYfDBF914THwIDKSD/K70DlRq1XESv2kRRJFE135RocgFEzCGrvW\nCfV32dhBt8NAEl88TobtLIzKT/Q3I8S3vtYvrRsLCD4GXaCO3lGLIJSkm43pxvsq\nW1t/P068N/0I8wTWpN4vWqqCn5ovsefdq4lY8AamvpxGzak2o1GzuORAjqIU9UOA\n0IKPkvK8+NI3AYg8QHFfTm2oRgP/m8hVAZUUmqJwTG0OlF6NhzKkIDfFw7u6LWvQ\njEq5th3diq9bvXl8D9q12oEuSFUDES8YfRFzETgEp+VQIb9jZsenQSfJr+VafJxi\n4+IEsiuKMGEJyDzK0MeHP8RJ4zhE3/XHsLVupROa5uFrzO+sTr5oIe2bdDZ0AJaq\ny77lzuX3eDRXby5omMBHBOOGb8ycfhec09biyBfC0XbRfeTWLKEuL2ppXlqsm9kb\nhwkAAAc4+NwcVvjcHFYAAAAHc3NoLXJzYQAAAgEA2AxGKkcwdoHpp8u205SoVsDB\nI1cKxSbAsX1cfju7fCcTtgj+cGEtbqyvFnLN8xAEPtG2tVgxp7ilAwFGGHlodz2/\neDxPd4BorFuVU0IDcsWhrss629yxcJn6KpSk+54deqa703uXkARrtSoiwzE5Vb0v\nCQHi109e9uXxJhg6hUEcMuQgYS5B/mOERwCY7LwzHeoelOXV05dpgOrqrt95B0hl\njk6UugLyglvVx8vCGOXFE9WWx98xdYfDBF914THwIDKSD/K70DlRq1XESv2kRRJF\nE135RocgFEzCGrvWCfV32dhBt8NAEl88TobtLIzKT/Q3I8S3vtYvrRsLCD4GXaCO\n3lGLIJSkm43pxvsqW1t/P068N/0I8wTWpN4vWqqCn5ovsefdq4lY8AamvpxGzak2\no1GzuORAjqIU9UOA0IKPkvK8+NI3AYg8QHFfTm2oRgP/m8hVAZUUmqJwTG0OlF6N\nhzKkIDfFw7u6LWvQjEq5th3diq9bvXl8D9q12oEuSFUDES8YfRFzETgEp+VQIb9j\nZsenQSfJr+VafJxi4+IEsiuKMGEJyDzK0MeHP8RJ4zhE3/XHsLVupROa5uFrzO+s\nTr5oIe2bdDZ0AJaqy77lzuX3eDRXby5omMBHBOOGb8ycfhec09biyBfC0XbRfeTW\nLKEuL2ppXlqsm9kbhwkAAAADAQABAAAB/wDYC24e2RGdcEw3f39UFVRBbH+211Pt\n0tLeqn3Tvee+P1V2s4e82XCVPBnaWPOaHGoiZ5RNw+Pj1MEuQBfYYZAVranKkoTk\n+4Ow1+R7XYgVPYxxPsmdExRdhZyk+AADnhncjN9GnFDzs3gBsiEREChFlOl0GG6+\n4KAWRdrgPVpH5tRMD9RRWfCkct/UIMTL92cmgvgR7cPl04OtZz1HojFlFwB3Th1r\n5Yac1Tjyks+GFj79lpkxRgAvh5N8y/kVONrnV6q4SAOINcl1jE6+ruWWLK7mrxKX\ndIifxCJWmX9wdgdj0N3m5VktBg9Id6S06BVn3s9E9XLJY2ZJtMFTfLLfF1SAgvxw\n2ua1/NFj1Rhwld84y+jxzwuxBF5swDAVjzYYRWE67QPONEyC7OlOuhICgdUMz0bt\n4xe2HzhmP13vg75kqmF9Z98ocvnb+FRVZRf63bA/fwt0GdnqOUED0fEiPjKT2l0X\nz/DxuirAG7WfklQPzQKeKDNUmWYxq0GbGGM4GIEyOH5GKuAm3sAwKu6e+sjekHax\nvQ68Eam2eglPQvWSBSjkg0mfZ6Jtq2oY7/7XEPV0iWDotxWliKZmfQAhztJJ9w8t\nJltNnG+wnNu6cq5DQjhWi2JaRm28ECwyClsAI/mZE/ELj1TIlnHnPzPP/TJq4JTp\nM9Wu2AR78gEAAAEAG/4kBgT60GOOlSHtuefJ1gzI8NYq1Cd34jFr1/F121EeMa8Q\nsFEvHQqA7MN7u9aD9vYpuF+8bR7LxNQTa8WL7VH+0XIH3hQG7X3u6/rsjq/+yiGK\n2erqr5HF0J7i4WZt+grJOXiWISv96mbc6V7EI8z4oh+P1PUeuiVbDQfXySjswvH+\nmi1pdj6SPJ/KhC7wqfnNhjsxCZq25cZmCFmm+eQdk7NZ07AqwM8TapFuWf4Ij89Z\n/cdEMMiyR+5Jf21aOi1dTSkGJE+W/50Tvmw51SHz9jdPLyBsPXGVh+s3BNXG172H\nrbNIl5hmD+3cAfU2LMYZL78TSZPuKf6GkPHkXgAAAQEA6+q59idGp95+Gsw4iVkM\ndNmbMrwZLcRyWAenbSOstshrRn2S3Le1WseLjDzB91FNaCC65mlsVPSWyfFcdk5V\nONeVNHru+mWMJ7xh4jAdIm9CpfeNU9yqnTZbYha4G3va3JVJkFiZQiUxNzvQv/QU\nhCYhka72n0OKDD/cZfEK1Hu9yKqqj8Vx6+CabBdqa29wlI90RuweKVxQT+SZvI/a\njoQbtRhWfRms6NGDKncSy6x7/gvrFvpMk2opm+PuBdCp9u5np/4DTuxC/UWDR2Qt\nQaq4cjceSuw/WFuEqIEaviIfNJAYBcOH1LldIUdG0m0JBOhjpbjuatb1KY+mrr94\nQQAAAQEA6nCMg+bmFW6Mj5Yty1UJOFXVcN5hF0cAnL+MUm7YNG6M2DievOc69nat\nQP3BAZTDrT5ZxvaPZUZeoTUTVW5MaAoVVXviDnTlDl2PnP7jkcujaFzxRS1j0pA7\nLS5XPp3FUqNrlVqUyJfQ2WHiZWa8fp/yaxwo5Ua2oIFoY1GJUrQ6EJ8b5aKMfGwl\nDQYujsHnQWwZJ2XgyqzmdRAavBNABzvBe7bwN8H4ord4TzhonoWgKmxvX/fyCgYe\n2WsJuDSEKcnOTRD6aSa9QXEwQrpHLtJgg0TBJbJKLUURmd2n7tdGGRKpBE8sgckT\nC0EM80llrutg6HV3NtOGg2mhM98cyQAAAAABAgME\n-----END OPENSSH PRIVATE KEY-----\n",
            "private_key_pem": "-----BEGIN RSA PRIVATE KEY-----\nMIIJJgIBAAKCAgEA2AxGKkcwdoHpp8u205SoVsDBI1cKxSbAsX1cfju7fCcTtgj+\ncGEtbqyvFnLN8xAEPtG2tVgxp7ilAwFGGHlodz2/eDxPd4BorFuVU0IDcsWhrss6\n29yxcJn6KpSk+54deqa703uXkARrtSoiwzE5Vb0vCQHi109e9uXxJhg6hUEcMuQg\nYS5B/mOERwCY7LwzHeoelOXV05dpgOrqrt95B0hljk6UugLyglvVx8vCGOXFE9WW\nx98xdYfDBF914THwIDKSD/K70DlRq1XESv2kRRJFE135RocgFEzCGrvWCfV32dhB\nt8NAEl88TobtLIzKT/Q3I8S3vtYvrRsLCD4GXaCO3lGLIJSkm43pxvsqW1t/P068\nN/0I8wTWpN4vWqqCn5ovsefdq4lY8AamvpxGzak2o1GzuORAjqIU9UOA0IKPkvK8\n+NI3AYg8QHFfTm2oRgP/m8hVAZUUmqJwTG0OlF6NhzKkIDfFw7u6LWvQjEq5th3d\niq9bvXl8D9q12oEuSFUDES8YfRFzETgEp+VQIb9jZsenQSfJr+VafJxi4+IEsiuK\nMGEJyDzK0MeHP8RJ4zhE3/XHsLVupROa5uFrzO+sTr5oIe2bdDZ0AJaqy77lzuX3\neDRXby5omMBHBOOGb8ycfhec09biyBfC0XbRfeTWLKEuL2ppXlqsm9kbhwkCAwEA\nAQKCAf8A2AtuHtkRnXBMN39/VBVUQWx/ttdT7dLS3qp9073nvj9VdrOHvNlwlTwZ\n2ljzmhxqImeUTcPj49TBLkAX2GGQFa2pypKE5PuDsNfke12IFT2McT7JnRMUXYWc\npPgAA54Z3IzfRpxQ87N4AbIhERAoRZTpdBhuvuCgFkXa4D1aR+bUTA/UUVnwpHLf\n1CDEy/dnJoL4Ee3D5dODrWc9R6IxZRcAd04da+WGnNU48pLPhhY+/ZaZMUYAL4eT\nfMv5FTja51equEgDiDXJdYxOvq7lliyu5q8Sl3SIn8QiVpl/cHYHY9Dd5uVZLQYP\nSHektOgVZ97PRPVyyWNmSbTBU3yy3xdUgIL8cNrmtfzRY9UYcJXfOMvo8c8LsQRe\nbMAwFY82GEVhOu0DzjRMguzpTroSAoHVDM9G7eMXth84Zj9d74O+ZKphfWffKHL5\n2/hUVWUX+t2wP38LdBnZ6jlBA9HxIj4yk9pdF8/w8boqwBu1n5JUD80CnigzVJlm\nMatBmxhjOBiBMjh+RirgJt7AMCrunvrI3pB2sb0OvBGptnoJT0L1kgUo5INJn2ei\nbatqGO/+1xD1dIlg6LcVpYimZn0AIc7SSfcPLSZbTZxvsJzbunKuQ0I4VotiWkZt\nvBAsMgpbACP5mRPxC49UyJZx5z8zz/0yauCU6TPVrtgEe/IBAoIBAQDr6rn2J0an\n3n4azDiJWQx02ZsyvBktxHJYB6dtI6y2yGtGfZLct7Vax4uMPMH3UU1oILrmaWxU\n9JbJ8Vx2TlU415U0eu76ZYwnvGHiMB0ib0Kl941T3KqdNltiFrgbe9rclUmQWJlC\nJTE3O9C/9BSEJiGRrvafQ4oMP9xl8QrUe73IqqqPxXHr4JpsF2prb3CUj3RG7B4p\nXFBP5Jm8j9qOhBu1GFZ9Gazo0YMqdxLLrHv+C+sW+kyTaimb4+4F0Kn27men/gNO\n7EL9RYNHZC1BqrhyNx5K7D9YW4SogRq+Ih80kBgFw4fUuV0hR0bSbQkE6GOluO5q\n1vUpj6auv3hBAoIBAQDqcIyD5uYVboyPli3LVQk4VdVw3mEXRwCcv4xSbtg0bozY\nOJ685zr2dq1A/cEBlMOtPlnG9o9lRl6hNRNVbkxoChVVe+IOdOUOXY+c/uORy6No\nXPFFLWPSkDstLlc+ncVSo2uVWpTIl9DZYeJlZrx+n/JrHCjlRraggWhjUYlStDoQ\nnxvloox8bCUNBi6OwedBbBknZeDKrOZ1EBq8E0AHO8F7tvA3wfiit3hPOGiehaAq\nbG9f9/IKBh7Zawm4NIQpyc5NEPppJr1BcTBCukcu0mCDRMElskotRRGZ3afu10YZ\nEqkETyyByRMLQQzzSWWu62DodXc204aDaaEz3xzJAoIBAB7U9WrDJUvJGyf7aqQg\nnC0lR1AxHwVJODxi+7GayPa2aLa0sJ3h8HSlwYoZYqwk1v310RdNzdeog5Bu18uq\nXx7npdtO+a6F2PRUfWJnMVePvOEd4j2EiFO1h+ng2DzXSfosFIol2hm37J+wVI7R\nomDG7vowKJEV7ZO+QNqdzvGIHnx8OYBCqKnQF75qrQDPdqIjwWmHcEWth915HdJz\n5ndbspdPT/ZXha6DuyWwnCc8KpRAEIBXQ+y8IiX6euANrjjUXX2qB9qnq/WXwRly\ncSu02RgsNexKxdiRVVwES29v3C4tasZOEJFvjElOHGZh05ztliBRc+9Imo/M81bB\nNUECggEAXDAz4S5r7aOSHGh2y4092exOyVp5HXkrMXhVSpkR5dRPCDuDmE7pLb/P\nM05VljSUmcx56zZLfwyj64p+dsqvuv20E/BqHTs0U2jRL3A/trY4JLLfoU9PAJ78\n1jBx2EqcLHnctVdwSE0CsGjAaRV0K+rjneDt5/Ldn9IjZWLLuDzs1Fps0ukPi2HP\nVAbJShPPxzcl0QtL0QcafI//o1OCixWhaO+wGIzrI7k30xcgdK2hJO2NAlTy1aRA\nf0iLAueLzQ7xU/bIMY8tPs2up56unSfXEed4eEVay+BsInA6OD5o7zUaR3qGyuZx\n2awT1ptXI+ilK+P9JA8bxxNDc61ZmQKCAQAb/iQGBPrQY46VIe2558nWDMjw1irU\nJ3fiMWvX8XXbUR4xrxCwUS8dCoDsw3u71oP29im4X7xtHsvE1BNrxYvtUf7Rcgfe\nFAbtfe7r+uyOr/7KIYrZ6uqvkcXQnuLhZm36Csk5eJYhK/3qZtzpXsQjzPiiH4/U\n9R66JVsNB9fJKOzC8f6aLWl2PpI8n8qELvCp+c2GOzEJmrblxmYIWab55B2Ts1nT\nsCrAzxNqkW5Z/giPz1n9x0QwyLJH7kl/bVo6LV1NKQYkT5b/nRO+bDnVIfP2N08v\nIGw9cZWH6zcE1cbXvYets0iXmGYP7dwB9TYsxhkvvxNJk+4p/oaQ8eRe\n-----END RSA PRIVATE KEY-----\n",
            "private_key_pem_pkcs8": "-----BEGIN PRIVATE KEY-----\nMIIJQAIBADANBgkqhkiG9w0BAQEFAASCCSowggkmAgEAAoICAQDYDEYqRzB2gemn\ny7bTlKhWwMEjVwrFJsCxfVx+O7t8JxO2CP5wYS1urK8Wcs3zEAQ+0ba1WDGnuKUD\nAUYYeWh3Pb94PE93gGisW5VTQgNyxaGuyzrb3LFwmfoqlKT7nh16prvTe5eQBGu1\nKiLDMTlVvS8JAeLXT1725fEmGDqFQRwy5CBhLkH+Y4RHAJjsvDMd6h6U5dXTl2mA\n6uqu33kHSGWOTpS6AvKCW9XHy8IY5cUT1ZbH3zF1h8MEX3XhMfAgMpIP8rvQOVGr\nVcRK/aRFEkUTXflGhyAUTMIau9YJ9XfZ2EG3w0ASXzxOhu0sjMpP9DcjxLe+1i+t\nGwsIPgZdoI7eUYsglKSbjenG+ypbW38/Trw3/QjzBNak3i9aqoKfmi+x592riVjw\nBqa+nEbNqTajUbO45ECOohT1Q4DQgo+S8rz40jcBiDxAcV9ObahGA/+byFUBlRSa\nonBMbQ6UXo2HMqQgN8XDu7ota9CMSrm2Hd2Kr1u9eXwP2rXagS5IVQMRLxh9EXMR\nOASn5VAhv2Nmx6dBJ8mv5Vp8nGLj4gSyK4owYQnIPMrQx4c/xEnjOETf9cewtW6l\nE5rm4WvM76xOvmgh7Zt0NnQAlqrLvuXO5fd4NFdvLmiYwEcE44ZvzJx+F5zT1uLI\nF8LRdtF95NYsoS4vamleWqyb2RuHCQIDAQABAoIB/wDYC24e2RGdcEw3f39UFVRB\nbH+211Pt0tLeqn3Tvee+P1V2s4e82XCVPBnaWPOaHGoiZ5RNw+Pj1MEuQBfYYZAV\nranKkoTk+4Ow1+R7XYgVPYxxPsmdExRdhZyk+AADnhncjN9GnFDzs3gBsiEREChF\nlOl0GG6+4KAWRdrgPVpH5tRMD9RRWfCkct/UIMTL92cmgvgR7cPl04OtZz1HojFl\nFwB3Th1r5Yac1Tjyks+GFj79lpkxRgAvh5N8y/kVONrnV6q4SAOINcl1jE6+ruWW\nLK7mrxKXdIifxCJWmX9wdgdj0N3m5VktBg9Id6S06BVn3s9E9XLJY2ZJtMFTfLLf\nF1SAgvxw2ua1/NFj1Rhwld84y+jxzwuxBF5swDAVjzYYRWE67QPONEyC7OlOuhIC\ngdUMz0bt4xe2HzhmP13vg75kqmF9Z98ocvnb+FRVZRf63bA/fwt0GdnqOUED0fEi\nPjKT2l0Xz/DxuirAG7WfklQPzQKeKDNUmWYxq0GbGGM4GIEyOH5GKuAm3sAwKu6e\n+sjekHaxvQ68Eam2eglPQvWSBSjkg0mfZ6Jtq2oY7/7XEPV0iWDotxWliKZmfQAh\nztJJ9w8tJltNnG+wnNu6cq5DQjhWi2JaRm28ECwyClsAI/mZE/ELj1TIlnHnPzPP\n/TJq4JTpM9Wu2AR78gECggEBAOvqufYnRqfefhrMOIlZDHTZmzK8GS3EclgHp20j\nrLbIa0Z9kty3tVrHi4w8wfdRTWgguuZpbFT0lsnxXHZOVTjXlTR67vpljCe8YeIw\nHSJvQqX3jVPcqp02W2IWuBt72tyVSZBYmUIlMTc70L/0FIQmIZGu9p9Digw/3GXx\nCtR7vciqqo/FcevgmmwXamtvcJSPdEbsHilcUE/kmbyP2o6EG7UYVn0ZrOjRgyp3\nEsuse/4L6xb6TJNqKZvj7gXQqfbuZ6f+A07sQv1Fg0dkLUGquHI3HkrsP1hbhKiB\nGr4iHzSQGAXDh9S5XSFHRtJtCQToY6W47mrW9SmPpq6/eEECggEBAOpwjIPm5hVu\njI+WLctVCThV1XDeYRdHAJy/jFJu2DRujNg4nrznOvZ2rUD9wQGUw60+Wcb2j2VG\nXqE1E1VuTGgKFVV74g505Q5dj5z+45HLo2hc8UUtY9KQOy0uVz6dxVKja5ValMiX\n0Nlh4mVmvH6f8mscKOVGtqCBaGNRiVK0OhCfG+WijHxsJQ0GLo7B50FsGSdl4Mqs\n5nUQGrwTQAc7wXu28DfB+KK3eE84aJ6FoCpsb1/38goGHtlrCbg0hCnJzk0Q+mkm\nvUFxMEK6Ry7SYINEwSWySi1FEZndp+7XRhkSqQRPLIHJEwtBDPNJZa7rYOh1dzbT\nhoNpoTPfHMkCggEAHtT1asMlS8kbJ/tqpCCcLSVHUDEfBUk4PGL7sZrI9rZotrSw\nneHwdKXBihlirCTW/fXRF03N16iDkG7Xy6pfHuel2075roXY9FR9YmcxV4+84R3i\nPYSIU7WH6eDYPNdJ+iwUiiXaGbfsn7BUjtGiYMbu+jAokRXtk75A2p3O8YgefHw5\ngEKoqdAXvmqtAM92oiPBaYdwRa2H3Xkd0nPmd1uyl09P9leFroO7JbCcJzwqlEAQ\ngFdD7LwiJfp64A2uONRdfaoH2qer9ZfBGXJxK7TZGCw17ErF2JFVXARLb2/cLi1q\nxk4QkW+MSU4cZmHTnO2WIFFz70iaj8zzVsE1QQKCAQBcMDPhLmvto5IcaHbLjT3Z\n7E7JWnkdeSsxeFVKmRHl1E8IO4OYTuktv88zTlWWNJSZzHnrNkt/DKPrin52yq+6\n/bQT8GodOzRTaNEvcD+2tjgkst+hT08AnvzWMHHYSpwsedy1V3BITQKwaMBpFXQr\n6uOd4O3n8t2f0iNlYsu4POzUWmzS6Q+LYc9UBslKE8/HNyXRC0vRBxp8j/+jU4KL\nFaFo77AYjOsjuTfTFyB0raEk7Y0CVPLVpEB/SIsC54vNDvFT9sgxjy0+za6nnq6d\nJ9cR53h4RVrL4GwicDo4PmjvNRpHeobK5nHZrBPWm1cj6KUr4/0kDxvHE0NzrVmZ\nAoIBABv+JAYE+tBjjpUh7bnnydYMyPDWKtQnd+Ixa9fxddtRHjGvELBRLx0KgOzD\ne7vWg/b2KbhfvG0ey8TUE2vFi+1R/tFyB94UBu197uv67I6v/sohitnq6q+RxdCe\n4uFmbfoKyTl4liEr/epm3OlexCPM+KIfj9T1HrolWw0H18ko7MLx/potaXY+kjyf\nyoQu8Kn5zYY7MQmatuXGZghZpvnkHZOzWdOwKsDPE2qRbln+CI/PWf3HRDDIskfu\nSX9tWjotXU0pBiRPlv+dE75sOdUh8/Y3Ty8gbD1xlYfrNwTVxte9h62zSJeYZg/t\n3AH1NizGGS+/E0mT7in+hpDx5F4=\n-----END PRIVATE KEY-----\n",
            "public_key_fingerprint_md5": "2b:10:09:bf:cd:c2:ac:1b:c2:8c:e9:ae:c6:ed:c2:73",
            "public_key_fingerprint_sha256": "SHA256:N/EQJwKn2sMSVTW+IcVgxb3mJHJnzl8q2ivwNDZMK6Q",
            "public_key_openssh": "ssh-rsa AAAAB3NzaC1yc2EAAAADAQABAAACAQDYDEYqRzB2gemny7bTlKhWwMEjVwrFJsCxfVx+O7t8JxO2CP5wYS1urK8Wcs3zEAQ+0ba1WDGnuKUDAUYYeWh3Pb94PE93gGisW5VTQgNyxaGuyzrb3LFwmfoqlKT7nh16prvTe5eQBGu1KiLDMTlVvS8JAeLXT1725fEmGDqFQRwy5CBhLkH+Y4RHAJjsvDMd6h6U5dXTl2mA6uqu33kHSGWOTpS6AvKCW9XHy8IY5cUT1ZbH3zF1h8MEX3XhMfAgMpIP8rvQOVGrVcRK/aRFEkUTXflGhyAUTMIau9YJ9XfZ2EG3w0ASXzxOhu0sjMpP9DcjxLe+1i+tGwsIPgZdoI7eUYsglKSbjenG+ypbW38/Trw3/QjzBNak3i9aqoKfmi+x592riVjwBqa+nEbNqTajUbO45ECOohT1Q4DQgo+S8rz40jcBiDxAcV9ObahGA/+byFUBlRSaonBMbQ6UXo2HMqQgN8XDu7ota9CMSrm2Hd2Kr1u9eXwP2rXagS5IVQMRLxh9EXMROASn5VAhv2Nmx6dBJ8mv5Vp8nGLj4gSyK4owYQnIPMrQx4c/xEnjOETf9cewtW6lE5rm4WvM76xOvmgh7Zt0NnQAlqrLvuXO5fd4NFdvLmiYwEcE44ZvzJx+F5zT1uLIF8LRdtF95NYsoS4vamleWqyb2RuHCQ==\n",
            "public_key_pem": "-----BEGIN PUBLIC KEY-----\nMIICIjANBgkqhkiG9w0BAQEFAAOCAg8AMIICCgKCAgEA2AxGKkcwdoHpp8u205So\nVsDBI1cKxSbAsX1cfju7fCcTtgj+cGEtbqyvFnLN8xAEPtG2tVgxp7ilAwFGGHlo\ndz2/eDxPd4BorFuVU0IDcsWhrss629yxcJn6KpSk+54deqa703uXkARrtSoiwzE5\nVb0vCQHi109e9uXxJhg6hUEcMuQgYS5B/mOERwCY7LwzHeoelOXV05dpgOrqrt95\nB0hljk6UugLyglvVx8vCGOXFE9WWx98xdYfDBF914THwIDKSD/K70DlRq1XESv2k\nRRJFE135RocgFEzCGrvWCfV32dhBt8NAEl88TobtLIzKT/Q3I8S3vtYvrRsLCD4G\nXaCO3lGLIJSkm43pxvsqW1t/P068N/0I8wTWpN4vWqqCn5ovsefdq4lY8AamvpxG\nzak2o1GzuORAjqIU9UOA0IKPkvK8+NI3AYg8QHFfTm2oRgP/m8hVAZUUmqJwTG0O\nlF6NhzKkIDfFw7u6LWvQjEq5th3diq9bvXl8D9q12oEuSFUDES8YfRFzETgEp+VQ\nIb9jZsenQSfJr+VafJxi4+IEsiuKMGEJyDzK0MeHP8RJ4zhE3/XHsLVupROa5uFr\nzO+sTr5oIe2bdDZ0AJaqy77lzuX3eDRXby5omMBHBOOGb8ycfhec09biyBfC0XbR\nfeTWLKEuL2ppXlqsm9kbhwkCAwEAAQ==\n-----END PUBLIC KEY-----\n",
            "rsa_bits": 4096
          },
          "sensitive_attributes": []
        }
      ]
    }
  ],
  "check_results": null
}
