{
  "version": 4,
  "terraform_version": "1.4.0",
  "serial": 20,
  "lineage": "9df0277b-d112-d178-3cfd-85d7e98d20b3",
  "outputs": {},
  "resources": [
    {
      "mode": "managed",
      "type": "openstack_compute_instance_v2",
      "name": "server",
      "provider": "provider[\"registry.terraform.io/terraform-provider-openstack/openstack\"]",
      "instances": [
        {
          "index_key": 0,
          "schema_version": 0,
          "attributes": {
            "access_ip_v4": "10.65.0.99",
            "access_ip_v6": "",
            "admin_pass": null,
            "all_metadata": {},
            "all_tags": [],
            "availability_zone": "nova",
            "availability_zone_hints": null,
            "block_device": [],
            "config_drive": null,
            "flavor_id": "670aef98-5ee4-4dbf-9000-48472430426b",
            "flavor_name": "tiny",
            "floating_ip": null,
            "force_delete": false,
            "id": "3f7303e3-a184-48e1-bb89-99f03a32d857",
            "image_id": "afd21f97-b066-4edd-80f4-ac7aa300bc1b",
            "image_name": "test3",
            "key_pair": "dp",
            "metadata": null,
            "name": "S_TEST",
            "network": [
              {
                "access_network": false,
                "fixed_ip_v4": "10.65.0.99",
                "fixed_ip_v6": "",
                "floating_ip": "",
                "mac": "fa:16:3e:b9:b3:8b",
                "name": "test",
                "port": "",
                "uuid": "31d00f46-e1cb-41a8-a935-52f33be309ce"
              }
            ],
            "network_mode": null,
            "personality": [],
            "power_state": "active",
            "region": "RegionOne",
            "scheduler_hints": [],
            "security_groups": [
              "default"
            ],
            "stop_before_destroy": false,
            "tags": null,
            "timeouts": null,
            "user_data": null,
            "vendor_options": [],
            "volume": []
          },
          "sensitive_attributes": [],
          "private": "eyJlMmJmYjczMC1lY2FhLTExZTYtOGY4OC0zNDM2M2JjN2M0YzAiOnsiY3JlYXRlIjoxODAwMDAwMDAwMDAwLCJkZWxldGUiOjE4MDAwMDAwMDAwMDAsInVwZGF0ZSI6MTgwMDAwMDAwMDAwMH19"
        }
      ]
    }
  ],
  "check_results": null
}
